// !$*UTF8*$!
{
	archiveVersion = 1;
	classes = {
	};
	objectVersion = 51;
	objects = {

/* Begin PBXBuildFile section */
		63382F222422FB8B005995D1 /* AppDelegate.swift in Sources */ = {isa = PBXBuildFile; fileRef = 63382F212422FB8B005995D1 /* AppDelegate.swift */; };
		63382F242422FB8B005995D1 /* SceneDelegate.swift in Sources */ = {isa = PBXBuildFile; fileRef = 63382F232422FB8B005995D1 /* SceneDelegate.swift */; };
		63382F292422FB8B005995D1 /* Main.storyboard in Resources */ = {isa = PBXBuildFile; fileRef = 63382F272422FB8B005995D1 /* Main.storyboard */; };
		63382F2B2422FB8D005995D1 /* Assets.xcassets in Resources */ = {isa = PBXBuildFile; fileRef = 63382F2A2422FB8D005995D1 /* Assets.xcassets */; };
		63382F2E2422FB8D005995D1 /* LaunchScreen.storyboard in Resources */ = {isa = PBXBuildFile; fileRef = 63382F2C2422FB8D005995D1 /* LaunchScreen.storyboard */; };
		63F8830F2422FDD3005AD53C /* SearchCityViewController.swift in Sources */ = {isa = PBXBuildFile; fileRef = 63F8830E2422FDD3005AD53C /* SearchCityViewController.swift */; };
		63F8831124231429005AD53C /* SearchCityViewModel.swift in Sources */ = {isa = PBXBuildFile; fileRef = 63F8831024231429005AD53C /* SearchCityViewModel.swift */; };
		78D5330412B056258B1A97A7 /* Pods_CityAirportSearch.framework in Frameworks */ = {isa = PBXBuildFile; fileRef = CAEE40C36238BF8232D15CC8 /* Pods_CityAirportSearch.framework */; };
/* End PBXBuildFile section */

/* Begin PBXFileReference section */
		42FF8C2C4D3303462C337FA2 /* Pods-CityAirportSearch.debug.xcconfig */ = {isa = PBXFileReference; includeInIndex = 1; lastKnownFileType = text.xcconfig; name = "Pods-CityAirportSearch.debug.xcconfig"; path = "Target Support Files/Pods-CityAirportSearch/Pods-CityAirportSearch.debug.xcconfig"; sourceTree = "<group>"; };
		544D8C9326CB01CA9F952C78 /* Pods-CityAirportSearch.release.xcconfig */ = {isa = PBXFileReference; includeInIndex = 1; lastKnownFileType = text.xcconfig; name = "Pods-CityAirportSearch.release.xcconfig"; path = "Target Support Files/Pods-CityAirportSearch/Pods-CityAirportSearch.release.xcconfig"; sourceTree = "<group>"; };
		63382F1E2422FB8B005995D1 /* CityAirportSearch.app */ = {isa = PBXFileReference; explicitFileType = wrapper.application; includeInIndex = 0; path = CityAirportSearch.app; sourceTree = BUILT_PRODUCTS_DIR; };
		63382F212422FB8B005995D1 /* AppDelegate.swift */ = {isa = PBXFileReference; lastKnownFileType = sourcecode.swift; path = AppDelegate.swift; sourceTree = "<group>"; };
		63382F232422FB8B005995D1 /* SceneDelegate.swift */ = {isa = PBXFileReference; lastKnownFileType = sourcecode.swift; path = SceneDelegate.swift; sourceTree = "<group>"; };
		63382F282422FB8B005995D1 /* Base */ = {isa = PBXFileReference; lastKnownFileType = file.storyboard; name = Base; path = Base.lproj/Main.storyboard; sourceTree = "<group>"; };
		63382F2A2422FB8D005995D1 /* Assets.xcassets */ = {isa = PBXFileReference; lastKnownFileType = folder.assetcatalog; path = Assets.xcassets; sourceTree = "<group>"; };
		63382F2D2422FB8D005995D1 /* Base */ = {isa = PBXFileReference; lastKnownFileType = file.storyboard; name = Base; path = Base.lproj/LaunchScreen.storyboard; sourceTree = "<group>"; };
		63382F2F2422FB8D005995D1 /* Info.plist */ = {isa = PBXFileReference; lastKnownFileType = text.plist.xml; path = Info.plist; sourceTree = "<group>"; };
		63F8830E2422FDD3005AD53C /* SearchCityViewController.swift */ = {isa = PBXFileReference; lastKnownFileType = sourcecode.swift; path = SearchCityViewController.swift; sourceTree = "<group>"; };
		63F8831024231429005AD53C /* SearchCityViewModel.swift */ = {isa = PBXFileReference; lastKnownFileType = sourcecode.swift; path = SearchCityViewModel.swift; sourceTree = "<group>"; };
		CAEE40C36238BF8232D15CC8 /* Pods_CityAirportSearch.framework */ = {isa = PBXFileReference; explicitFileType = wrapper.framework; includeInIndex = 0; path = Pods_CityAirportSearch.framework; sourceTree = BUILT_PRODUCTS_DIR; };
/* End PBXFileReference section */

/* Begin PBXFrameworksBuildPhase section */
		63382F1B2422FB8B005995D1 /* Frameworks */ = {
			isa = PBXFrameworksBuildPhase;
			buildActionMask = 2147483647;
			files = (
				78D5330412B056258B1A97A7 /* Pods_CityAirportSearch.framework in Frameworks */,
			);
			runOnlyForDeploymentPostprocessing = 0;
		};
/* End PBXFrameworksBuildPhase section */

/* Begin PBXGroup section */
		63382F152422FB8B005995D1 = {
			isa = PBXGroup;
			children = (
				63382F202422FB8B005995D1 /* CityAirportSearch */,
				63382F1F2422FB8B005995D1 /* Products */,
				77C136DB6238627E4FC003C2 /* Pods */,
				C232BEE8D51A140E14FFAA73 /* Frameworks */,
			);
			sourceTree = "<group>";
		};
		63382F1F2422FB8B005995D1 /* Products */ = {
			isa = PBXGroup;
			children = (
				63382F1E2422FB8B005995D1 /* CityAirportSearch.app */,
			);
			name = Products;
			sourceTree = "<group>";
		};
		63382F202422FB8B005995D1 /* CityAirportSearch */ = {
			isa = PBXGroup;
			children = (
				63382F3B2422FC0B005995D1 /* Model */,
				63382F382422FBF1005995D1 /* View */,
				63382F3A2422FC03005995D1 /* View Model */,
				63382F362422FBDC005995D1 /* Controller */,
				63382F3C2422FC10005995D1 /* Coordinator */,
				63382F352422FBC0005995D1 /* Support */,
			);
			path = CityAirportSearch;
			sourceTree = "<group>";
		};
		63382F352422FBC0005995D1 /* Support */ = {
			isa = PBXGroup;
			children = (
				63382F212422FB8B005995D1 /* AppDelegate.swift */,
				63382F232422FB8B005995D1 /* SceneDelegate.swift */,
				63382F2A2422FB8D005995D1 /* Assets.xcassets */,
				63382F2F2422FB8D005995D1 /* Info.plist */,
			);
			path = Support;
			sourceTree = "<group>";
		};
		63382F362422FBDC005995D1 /* Controller */ = {
			isa = PBXGroup;
			children = (
				63382F372422FBE2005995D1 /* View Controllers */,
			);
			path = Controller;
			sourceTree = "<group>";
		};
		63382F372422FBE2005995D1 /* View Controllers */ = {
			isa = PBXGroup;
			children = (
				63F8830E2422FDD3005AD53C /* SearchCityViewController.swift */,
			);
			path = "View Controllers";
			sourceTree = "<group>";
		};
		63382F382422FBF1005995D1 /* View */ = {
			isa = PBXGroup;
			children = (
				63382F392422FBF6005995D1 /* Storyboards */,
			);
			path = View;
			sourceTree = "<group>";
		};
		63382F392422FBF6005995D1 /* Storyboards */ = {
			isa = PBXGroup;
			children = (
				63382F272422FB8B005995D1 /* Main.storyboard */,
				63382F2C2422FB8D005995D1 /* LaunchScreen.storyboard */,
			);
			path = Storyboards;
			sourceTree = "<group>";
		};
		63382F3A2422FC03005995D1 /* View Model */ = {
			isa = PBXGroup;
			children = (
				63F8831024231429005AD53C /* SearchCityViewModel.swift */,
			);
			path = "View Model";
			sourceTree = "<group>";
		};
		63382F3B2422FC0B005995D1 /* Model */ = {
			isa = PBXGroup;
			children = (
			);
			path = Model;
			sourceTree = "<group>";
		};
		63382F3C2422FC10005995D1 /* Coordinator */ = {
			isa = PBXGroup;
			children = (
			);
			path = Coordinator;
			sourceTree = "<group>";
		};
		77C136DB6238627E4FC003C2 /* Pods */ = {
			isa = PBXGroup;
			children = (
				42FF8C2C4D3303462C337FA2 /* Pods-CityAirportSearch.debug.xcconfig */,
				544D8C9326CB01CA9F952C78 /* Pods-CityAirportSearch.release.xcconfig */,
			);
			path = Pods;
			sourceTree = "<group>";
		};
		C232BEE8D51A140E14FFAA73 /* Frameworks */ = {
			isa = PBXGroup;
			children = (
				CAEE40C36238BF8232D15CC8 /* Pods_CityAirportSearch.framework */,
			);
			name = Frameworks;
			sourceTree = "<group>";
		};
/* End PBXGroup section */

/* Begin PBXNativeTarget section */
		63382F1D2422FB8B005995D1 /* CityAirportSearch */ = {
			isa = PBXNativeTarget;
			buildConfigurationList = 63382F322422FB8D005995D1 /* Build configuration list for PBXNativeTarget "CityAirportSearch" */;
			buildPhases = (
				8C40AE415D21F4A13F6AF562 /* [CP] Check Pods Manifest.lock */,
				63382F1A2422FB8B005995D1 /* Sources */,
				63382F1B2422FB8B005995D1 /* Frameworks */,
				63382F1C2422FB8B005995D1 /* Resources */,
				B68E427A25DCD7A4529367C3 /* [CP] Embed Pods Frameworks */,
			);
			buildRules = (
			);
			dependencies = (
			);
			name = CityAirportSearch;
			productName = CityAirportSearch;
			productReference = 63382F1E2422FB8B005995D1 /* CityAirportSearch.app */;
			productType = "com.apple.product-type.application";
		};
/* End PBXNativeTarget section */

/* Begin PBXProject section */
		63382F162422FB8B005995D1 /* Project object */ = {
			isa = PBXProject;
			attributes = {
				LastSwiftUpdateCheck = 1140;
				LastUpgradeCheck = 1140;
				ORGANIZATIONNAME = "Chad Rutherford";
				TargetAttributes = {
					63382F1D2422FB8B005995D1 = {
						CreatedOnToolsVersion = 11.4;
					};
				};
			};
			buildConfigurationList = 63382F192422FB8B005995D1 /* Build configuration list for PBXProject "CityAirportSearch" */;
			compatibilityVersion = "Xcode 9.3";
			developmentRegion = en;
			hasScannedForEncodings = 0;
			knownRegions = (
				en,
				Base,
			);
			mainGroup = 63382F152422FB8B005995D1;
			productRefGroup = 63382F1F2422FB8B005995D1 /* Products */;
			projectDirPath = "";
			projectRoot = "";
			targets = (
				63382F1D2422FB8B005995D1 /* CityAirportSearch */,
			);
		};
/* End PBXProject section */

/* Begin PBXResourcesBuildPhase section */
		63382F1C2422FB8B005995D1 /* Resources */ = {
			isa = PBXResourcesBuildPhase;
			buildActionMask = 2147483647;
			files = (
				63382F2E2422FB8D005995D1 /* LaunchScreen.storyboard in Resources */,
				63382F2B2422FB8D005995D1 /* Assets.xcassets in Resources */,
				63382F292422FB8B005995D1 /* Main.storyboard in Resources */,
			);
			runOnlyForDeploymentPostprocessing = 0;
		};
/* End PBXResourcesBuildPhase section */

/* Begin PBXShellScriptBuildPhase section */
		8C40AE415D21F4A13F6AF562 /* [CP] Check Pods Manifest.lock */ = {
			isa = PBXShellScriptBuildPhase;
			buildActionMask = 2147483647;
			files = (
			);
			inputFileListPaths = (
			);
			inputPaths = (
				"${PODS_PODFILE_DIR_PATH}/Podfile.lock",
				"${PODS_ROOT}/Manifest.lock",
			);
			name = "[CP] Check Pods Manifest.lock";
			outputFileListPaths = (
			);
			outputPaths = (
				"$(DERIVED_FILE_DIR)/Pods-CityAirportSearch-checkManifestLockResult.txt",
			);
			runOnlyForDeploymentPostprocessing = 0;
			shellPath = /bin/sh;
			shellScript = "diff \"${PODS_PODFILE_DIR_PATH}/Podfile.lock\" \"${PODS_ROOT}/Manifest.lock\" > /dev/null\nif [ $? != 0 ] ; then\n    # print error to STDERR\n    echo \"error: The sandbox is not in sync with the Podfile.lock. Run 'pod install' or update your CocoaPods installation.\" >&2\n    exit 1\nfi\n# This output is used by Xcode 'outputs' to avoid re-running this script phase.\necho \"SUCCESS\" > \"${SCRIPT_OUTPUT_FILE_0}\"\n";
			showEnvVarsInLog = 0;
		};
		B68E427A25DCD7A4529367C3 /* [CP] Embed Pods Frameworks */ = {
			isa = PBXShellScriptBuildPhase;
			buildActionMask = 2147483647;
			files = (
			);
			inputFileListPaths = (
				"${PODS_ROOT}/Target Support Files/Pods-CityAirportSearch/Pods-CityAirportSearch-frameworks-${CONFIGURATION}-input-files.xcfilelist",
			);
			name = "[CP] Embed Pods Frameworks";
			outputFileListPaths = (
				"${PODS_ROOT}/Target Support Files/Pods-CityAirportSearch/Pods-CityAirportSearch-frameworks-${CONFIGURATION}-output-files.xcfilelist",
			);
			runOnlyForDeploymentPostprocessing = 0;
			shellPath = /bin/sh;
			shellScript = "\"${PODS_ROOT}/Target Support Files/Pods-CityAirportSearch/Pods-CityAirportSearch-frameworks.sh\"\n";
			showEnvVarsInLog = 0;
		};
/* End PBXShellScriptBuildPhase section */

/* Begin PBXSourcesBuildPhase section */
		63382F1A2422FB8B005995D1 /* Sources */ = {
			isa = PBXSourcesBuildPhase;
			buildActionMask = 2147483647;
			files = (
				63382F222422FB8B005995D1 /* AppDelegate.swift in Sources */,
				63382F242422FB8B005995D1 /* SceneDelegate.swift in Sources */,
				63F8830F2422FDD3005AD53C /* SearchCityViewController.swift in Sources */,
				63F8831124231429005AD53C /* SearchCityViewModel.swift in Sources */,
			);
			runOnlyForDeploymentPostprocessing = 0;
		};
/* End PBXSourcesBuildPhase section */

/* Begin PBXVariantGroup section */
		63382F272422FB8B005995D1 /* Main.storyboard */ = {
			isa = PBXVariantGroup;
			children = (
				63382F282422FB8B005995D1 /* Base */,
			);
			name = Main.storyboard;
			sourceTree = "<group>";
		};
		63382F2C2422FB8D005995D1 /* LaunchScreen.storyboard */ = {
			isa = PBXVariantGroup;
			children = (
				63382F2D2422FB8D005995D1 /* Base */,
			);
			name = LaunchScreen.storyboard;
			sourceTree = "<group>";
		};
/* End PBXVariantGroup section */

/* Begin XCBuildConfiguration section */
		63382F302422FB8D005995D1 /* Debug */ = {
			isa = XCBuildConfiguration;
			buildSettings = {
				ALWAYS_SEARCH_USER_PATHS = NO;
				CLANG_ANALYZER_NONNULL = YES;
				CLANG_ANALYZER_NUMBER_OBJECT_CONVERSION = YES_AGGRESSIVE;
				CLANG_CXX_LANGUAGE_STANDARD = "gnu++14";
				CLANG_CXX_LIBRARY = "libc++";
				CLANG_ENABLE_MODULES = YES;
				CLANG_ENABLE_OBJC_ARC = YES;
				CLANG_ENABLE_OBJC_WEAK = YES;
				CLANG_WARN_BLOCK_CAPTURE_AUTORELEASING = YES;
				CLANG_WARN_BOOL_CONVERSION = YES;
				CLANG_WARN_COMMA = YES;
				CLANG_WARN_CONSTANT_CONVERSION = YES;
				CLANG_WARN_DEPRECATED_OBJC_IMPLEMENTATIONS = YES;
				CLANG_WARN_DIRECT_OBJC_ISA_USAGE = YES_ERROR;
				CLANG_WARN_DOCUMENTATION_COMMENTS = YES;
				CLANG_WARN_EMPTY_BODY = YES;
				CLANG_WARN_ENUM_CONVERSION = YES;
				CLANG_WARN_INFINITE_RECURSION = YES;
				CLANG_WARN_INT_CONVERSION = YES;
				CLANG_WARN_NON_LITERAL_NULL_CONVERSION = YES;
				CLANG_WARN_OBJC_IMPLICIT_RETAIN_SELF = YES;
				CLANG_WARN_OBJC_LITERAL_CONVERSION = YES;
				CLANG_WARN_OBJC_ROOT_CLASS = YES_ERROR;
				CLANG_WARN_RANGE_LOOP_ANALYSIS = YES;
				CLANG_WARN_STRICT_PROTOTYPES = YES;
				CLANG_WARN_SUSPICIOUS_MOVE = YES;
				CLANG_WARN_UNGUARDED_AVAILABILITY = YES_AGGRESSIVE;
				CLANG_WARN_UNREACHABLE_CODE = YES;
				CLANG_WARN__DUPLICATE_METHOD_MATCH = YES;
				COPY_PHASE_STRIP = NO;
				DEBUG_INFORMATION_FORMAT = dwarf;
				ENABLE_STRICT_OBJC_MSGSEND = YES;
				ENABLE_TESTABILITY = YES;
				GCC_C_LANGUAGE_STANDARD = gnu11;
				GCC_DYNAMIC_NO_PIC = NO;
				GCC_NO_COMMON_BLOCKS = YES;
				GCC_OPTIMIZATION_LEVEL = 0;
				GCC_PREPROCESSOR_DEFINITIONS = (
					"DEBUG=1",
					"$(inherited)",
				);
				GCC_WARN_64_TO_32_BIT_CONVERSION = YES;
				GCC_WARN_ABOUT_RETURN_TYPE = YES_ERROR;
				GCC_WARN_UNDECLARED_SELECTOR = YES;
				GCC_WARN_UNINITIALIZED_AUTOS = YES_AGGRESSIVE;
				GCC_WARN_UNUSED_FUNCTION = YES;
				GCC_WARN_UNUSED_VARIABLE = YES;
				IPHONEOS_DEPLOYMENT_TARGET = 13.4;
				MTL_ENABLE_DEBUG_INFO = INCLUDE_SOURCE;
				MTL_FAST_MATH = YES;
				ONLY_ACTIVE_ARCH = YES;
				SDKROOT = iphoneos;
				SWIFT_ACTIVE_COMPILATION_CONDITIONS = DEBUG;
				SWIFT_OPTIMIZATION_LEVEL = "-Onone";
			};
			name = Debug;
		};
		63382F312422FB8D005995D1 /* Release */ = {
			isa = XCBuildConfiguration;
			buildSettings = {
				ALWAYS_SEARCH_USER_PATHS = NO;
				CLANG_ANALYZER_NONNULL = YES;
				CLANG_ANALYZER_NUMBER_OBJECT_CONVERSION = YES_AGGRESSIVE;
				CLANG_CXX_LANGUAGE_STANDARD = "gnu++14";
				CLANG_CXX_LIBRARY = "libc++";
				CLANG_ENABLE_MODULES = YES;
				CLANG_ENABLE_OBJC_ARC = YES;
				CLANG_ENABLE_OBJC_WEAK = YES;
				CLANG_WARN_BLOCK_CAPTURE_AUTORELEASING = YES;
				CLANG_WARN_BOOL_CONVERSION = YES;
				CLANG_WARN_COMMA = YES;
				CLANG_WARN_CONSTANT_CONVERSION = YES;
				CLANG_WARN_DEPRECATED_OBJC_IMPLEMENTATIONS = YES;
				CLANG_WARN_DIRECT_OBJC_ISA_USAGE = YES_ERROR;
				CLANG_WARN_DOCUMENTATION_COMMENTS = YES;
				CLANG_WARN_EMPTY_BODY = YES;
				CLANG_WARN_ENUM_CONVERSION = YES;
				CLANG_WARN_INFINITE_RECURSION = YES;
				CLANG_WARN_INT_CONVERSION = YES;
				CLANG_WARN_NON_LITERAL_NULL_CONVERSION = YES;
				CLANG_WARN_OBJC_IMPLICIT_RETAIN_SELF = YES;
				CLANG_WARN_OBJC_LITERAL_CONVERSION = YES;
				CLANG_WARN_OBJC_ROOT_CLASS = YES_ERROR;
				CLANG_WARN_RANGE_LOOP_ANALYSIS = YES;
				CLANG_WARN_STRICT_PROTOTYPES = YES;
				CLANG_WARN_SUSPICIOUS_MOVE = YES;
				CLANG_WARN_UNGUARDED_AVAILABILITY = YES_AGGRESSIVE;
				CLANG_WARN_UNREACHABLE_CODE = YES;
				CLANG_WARN__DUPLICATE_METHOD_MATCH = YES;
				COPY_PHASE_STRIP = NO;
				DEBUG_INFORMATION_FORMAT = "dwarf-with-dsym";
				ENABLE_NS_ASSERTIONS = NO;
				ENABLE_STRICT_OBJC_MSGSEND = YES;
				GCC_C_LANGUAGE_STANDARD = gnu11;
				GCC_NO_COMMON_BLOCKS = YES;
				GCC_WARN_64_TO_32_BIT_CONVERSION = YES;
				GCC_WARN_ABOUT_RETURN_TYPE = YES_ERROR;
				GCC_WARN_UNDECLARED_SELECTOR = YES;
				GCC_WARN_UNINITIALIZED_AUTOS = YES_AGGRESSIVE;
				GCC_WARN_UNUSED_FUNCTION = YES;
				GCC_WARN_UNUSED_VARIABLE = YES;
				IPHONEOS_DEPLOYMENT_TARGET = 13.4;
				MTL_ENABLE_DEBUG_INFO = NO;
				MTL_FAST_MATH = YES;
				SDKROOT = iphoneos;
				SWIFT_COMPILATION_MODE = wholemodule;
				SWIFT_OPTIMIZATION_LEVEL = "-O";
				VALIDATE_PRODUCT = YES;
			};
			name = Release;
		};
		63382F332422FB8D005995D1 /* Debug */ = {
			isa = XCBuildConfiguration;
			baseConfigurationReference = 42FF8C2C4D3303462C337FA2 /* Pods-CityAirportSearch.debug.xcconfig */;
			buildSettings = {
				ASSETCATALOG_COMPILER_APPICON_NAME = AppIcon;
				CODE_SIGN_STYLE = Automatic;
				DEVELOPMENT_TEAM = P7DFWNNEL3;
				INFOPLIST_FILE = CityAirportSearch/Support/Info.plist;
				LD_RUNPATH_SEARCH_PATHS = (
					"$(inherited)",
					"@executable_path/Frameworks",
				);
				PRODUCT_BUNDLE_IDENTIFIER = io.github.chadarutherford.CityAirportSearch;
				PRODUCT_NAME = "$(TARGET_NAME)";
				SWIFT_VERSION = 5.0;
				TARGETED_DEVICE_FAMILY = "1,2";
			};
			name = Debug;
		};
		63382F342422FB8D005995D1 /* Release */ = {
			isa = XCBuildConfiguration;
			baseConfigurationReference = 544D8C9326CB01CA9F952C78 /* Pods-CityAirportSearch.release.xcconfig */;
			buildSettings = {
				ASSETCATALOG_COMPILER_APPICON_NAME = AppIcon;
				CODE_SIGN_STYLE = Automatic;
				DEVELOPMENT_TEAM = P7DFWNNEL3;
				INFOPLIST_FILE = CityAirportSearch/Support/Info.plist;
				LD_RUNPATH_SEARCH_PATHS = (
					"$(inherited)",
					"@executable_path/Frameworks",
				);
				PRODUCT_BUNDLE_IDENTIFIER = io.github.chadarutherford.CityAirportSearch;
				PRODUCT_NAME = "$(TARGET_NAME)";
				SWIFT_VERSION = 5.0;
				TARGETED_DEVICE_FAMILY = "1,2";
			};
			name = Release;
		};
/* End XCBuildConfiguration section */

/* Begin XCConfigurationList section */
		63382F192422FB8B005995D1 /* Build configuration list for PBXProject "CityAirportSearch" */ = {
			isa = XCConfigurationList;
			buildConfigurations = (
				63382F302422FB8D005995D1 /* Debug */,
				63382F312422FB8D005995D1 /* Release */,
			);
			defaultConfigurationIsVisible = 0;
			defaultConfigurationName = Release;
		};
		63382F322422FB8D005995D1 /* Build configuration list for PBXNativeTarget "CityAirportSearch" */ = {
			isa = XCConfigurationList;
			buildConfigurations = (
				63382F332422FB8D005995D1 /* Debug */,
				63382F342422FB8D005995D1 /* Release */,
			);
			defaultConfigurationIsVisible = 0;
			defaultConfigurationName = Release;
		};
/* End XCConfigurationList section */
	};
	rootObject = 63382F162422FB8B005995D1 /* Project object */;
}
